
Microsoft Visual Studio Solution File, Format Version 10.00
# Visual Studio 2008
Project("{FAE04EC0-301F-11D3-BF4B-00C04F79EFBC}") = "CaesarDecipher", "CaesarDecipher\CaesarDecipher.csproj", "{83E7465A-ABD9-4258-A06C-C68D7C201CD3}"
EndProject
Project("{FAE04EC0-301F-11D3-BF4B-00C04F79EFBC}") = "Client", "Client\Client.csproj", "{76BCD694-A7CD-4A53-875B-4768390BB879}"
EndProject
Project("{FAE04EC0-301F-11D3-BF4B-00C04F79EFBC}") = "Sapka", "Sapka\Sapka.csproj", "{70027960-8509-43A9-AD2F-B6F918D243B7}"
EndProject
Project("{FAE04EC0-301F-11D3-BF4B-00C04F79EFBC}") = "Visualizer", "Visualizer\Visualizer.csproj", "{278E2132-B260-4EB1-B11D-AA78E98699EA}"
EndProject
Project("{FAE04EC0-301F-11D3-BF4B-00C04F79EFBC}") = "Core", "Core\Core.csproj", "{991AA3AA-F4A1-446A-A45C-7FAB4EAEEB87}"
EndProject
Global
	GlobalSection(SolutionConfigurationPlatforms) = preSolution
		Debug|Any CPU = Debug|Any CPU
		Release|Any CPU = Release|Any CPU
	EndGlobalSection
	GlobalSection(ProjectConfigurationPlatforms) = postSolution
		{278E2132-B260-4EB1-B11D-AA78E98699EA}.Debug|Any CPU.ActiveCfg = Debug|Any CPU
		{278E2132-B260-4EB1-B11D-AA78E98699EA}.Debug|Any CPU.Build.0 = Debug|Any CPU
		{278E2132-B260-4EB1-B11D-AA78E98699EA}.Release|Any CPU.ActiveCfg = Release|Any CPU
		{278E2132-B260-4EB1-B11D-AA78E98699EA}.Release|Any CPU.Build.0 = Release|Any CPU
		{70027960-8509-43A9-AD2F-B6F918D243B7}.Debug|Any CPU.ActiveCfg = Debug|Any CPU
		{70027960-8509-43A9-AD2F-B6F918D243B7}.Debug|Any CPU.Build.0 = Debug|Any CPU
		{70027960-8509-43A9-AD2F-B6F918D243B7}.Release|Any CPU.ActiveCfg = Release|Any CPU
		{70027960-8509-43A9-AD2F-B6F918D243B7}.Release|Any CPU.Build.0 = Release|Any CPU
		{76BCD694-A7CD-4A53-875B-4768390BB879}.Debug|Any CPU.ActiveCfg = Debug|Any CPU
		{76BCD694-A7CD-4A53-875B-4768390BB879}.Debug|Any CPU.Build.0 = Debug|Any CPU
		{76BCD694-A7CD-4A53-875B-4768390BB879}.Release|Any CPU.ActiveCfg = Release|Any CPU
		{76BCD694-A7CD-4A53-875B-4768390BB879}.Release|Any CPU.Build.0 = Release|Any CPU
		{83E7465A-ABD9-4258-A06C-C68D7C201CD3}.Debug|Any CPU.ActiveCfg = Debug|Any CPU
		{83E7465A-ABD9-4258-A06C-C68D7C201CD3}.Debug|Any CPU.Build.0 = Debug|Any CPU
		{83E7465A-ABD9-4258-A06C-C68D7C201CD3}.Release|Any CPU.ActiveCfg = Release|Any CPU
		{83E7465A-ABD9-4258-A06C-C68D7C201CD3}.Release|Any CPU.Build.0 = Release|Any CPU
		{991AA3AA-F4A1-446A-A45C-7FAB4EAEEB87}.Debug|Any CPU.ActiveCfg = Debug|Any CPU
		{991AA3AA-F4A1-446A-A45C-7FAB4EAEEB87}.Debug|Any CPU.Build.0 = Debug|Any CPU
		{991AA3AA-F4A1-446A-A45C-7FAB4EAEEB87}.Release|Any CPU.ActiveCfg = Release|Any CPU
		{991AA3AA-F4A1-446A-A45C-7FAB4EAEEB87}.Release|Any CPU.Build.0 = Release|Any CPU
	EndGlobalSection
	GlobalSection(MonoDevelopProperties) = preSolution
		name = Tools
		version = 0.1
		StartupItem = Sapka\Sapka.csproj
	EndGlobalSection
	GlobalSection(SolutionProperties) = preSolution
		HideSolutionNode = FALSE
	EndGlobalSection
EndGlobal
